// !$*UTF8*$!
{
	archiveVersion = 1;
	classes = {
	};
	objectVersion = 46;
	objects = {

/* Begin PBXBuildFile section */
		B52CD2561D392E8D00B7E0C6 /* main.m in Sources */ = {isa = PBXBuildFile; fileRef = B52CD2551D392E8D00B7E0C6 /* main.m */; };
		B52CD2591D392E8D00B7E0C6 /* AppDelegate.m in Sources */ = {isa = PBXBuildFile; fileRef = B52CD2581D392E8D00B7E0C6 /* AppDelegate.m */; };
		B52CD25C1D392E8D00B7E0C6 /* ViewController.m in Sources */ = {isa = PBXBuildFile; fileRef = B52CD25B1D392E8D00B7E0C6 /* ViewController.m */; };
		B52CD25F1D392E8D00B7E0C6 /* Main.storyboard in Resources */ = {isa = PBXBuildFile; fileRef = B52CD25D1D392E8D00B7E0C6 /* Main.storyboard */; };
		B52CD2611D392E8D00B7E0C6 /* Assets.xcassets in Resources */ = {isa = PBXBuildFile; fileRef = B52CD2601D392E8D00B7E0C6 /* Assets.xcassets */; };
		B52CD2641D392E8D00B7E0C6 /* LaunchScreen.storyboard in Resources */ = {isa = PBXBuildFile; fileRef = B52CD2621D392E8D00B7E0C6 /* LaunchScreen.storyboard */; };
		B52CD26F1D392E8D00B7E0C6 /* CurrencyCalculatorUITests.m in Sources */ = {isa = PBXBuildFile; fileRef = B52CD26E1D392E8D00B7E0C6 /* CurrencyCalculatorUITests.m */; };
		B52CD27B1D392EBF00B7E0C6 /* ExchangeRate.m in Sources */ = {isa = PBXBuildFile; fileRef = B52CD27A1D392EBF00B7E0C6 /* ExchangeRate.m */; };
		B52CD27E1D392F3200B7E0C6 /* Currency.m in Sources */ = {isa = PBXBuildFile; fileRef = B52CD27D1D392F3200B7E0C6 /* Currency.m */; };
/* End PBXBuildFile section */

/* Begin PBXContainerItemProxy section */
		B52CD26B1D392E8D00B7E0C6 /* PBXContainerItemProxy */ = {
			isa = PBXContainerItemProxy;
			containerPortal = B52CD2491D392E8D00B7E0C6 /* Project object */;
			proxyType = 1;
			remoteGlobalIDString = B52CD2501D392E8D00B7E0C6;
			remoteInfo = CurrencyCalculator;
		};
/* End PBXContainerItemProxy section */

/* Begin PBXFileReference section */
		B52CD2511D392E8D00B7E0C6 /* CurrencyCalculator.app */ = {isa = PBXFileReference; explicitFileType = wrapper.application; includeInIndex = 0; path = CurrencyCalculator.app; sourceTree = BUILT_PRODUCTS_DIR; };
		B52CD2551D392E8D00B7E0C6 /* main.m */ = {isa = PBXFileReference; lastKnownFileType = sourcecode.c.objc; path = main.m; sourceTree = "<group>"; };
		B52CD2571D392E8D00B7E0C6 /* AppDelegate.h */ = {isa = PBXFileReference; lastKnownFileType = sourcecode.c.h; path = AppDelegate.h; sourceTree = "<group>"; };
		B52CD2581D392E8D00B7E0C6 /* AppDelegate.m */ = {isa = PBXFileReference; lastKnownFileType = sourcecode.c.objc; path = AppDelegate.m; sourceTree = "<group>"; };
		B52CD25A1D392E8D00B7E0C6 /* ViewController.h */ = {isa = PBXFileReference; lastKnownFileType = sourcecode.c.h; path = ViewController.h; sourceTree = "<group>"; };
		B52CD25B1D392E8D00B7E0C6 /* ViewController.m */ = {isa = PBXFileReference; lastKnownFileType = sourcecode.c.objc; path = ViewController.m; sourceTree = "<group>"; };
		B52CD25E1D392E8D00B7E0C6 /* Base */ = {isa = PBXFileReference; lastKnownFileType = file.storyboard; name = Base; path = Base.lproj/Main.storyboard; sourceTree = "<group>"; };
		B52CD2601D392E8D00B7E0C6 /* Assets.xcassets */ = {isa = PBXFileReference; lastKnownFileType = folder.assetcatalog; path = Assets.xcassets; sourceTree = "<group>"; };
		B52CD2631D392E8D00B7E0C6 /* Base */ = {isa = PBXFileReference; lastKnownFileType = file.storyboard; name = Base; path = Base.lproj/LaunchScreen.storyboard; sourceTree = "<group>"; };
		B52CD2651D392E8D00B7E0C6 /* Info.plist */ = {isa = PBXFileReference; lastKnownFileType = text.plist.xml; path = Info.plist; sourceTree = "<group>"; };
		B52CD26A1D392E8D00B7E0C6 /* CurrencyCalculatorUITests.xctest */ = {isa = PBXFileReference; explicitFileType = wrapper.cfbundle; includeInIndex = 0; path = CurrencyCalculatorUITests.xctest; sourceTree = BUILT_PRODUCTS_DIR; };
		B52CD26E1D392E8D00B7E0C6 /* CurrencyCalculatorUITests.m */ = {isa = PBXFileReference; lastKnownFileType = sourcecode.c.objc; path = CurrencyCalculatorUITests.m; sourceTree = "<group>"; };
		B52CD2701D392E8D00B7E0C6 /* Info.plist */ = {isa = PBXFileReference; lastKnownFileType = text.plist.xml; path = Info.plist; sourceTree = "<group>"; };
		B52CD2791D392EBF00B7E0C6 /* ExchangeRate.h */ = {isa = PBXFileReference; fileEncoding = 4; lastKnownFileType = sourcecode.c.h; path = ExchangeRate.h; sourceTree = "<group>"; };
		B52CD27A1D392EBF00B7E0C6 /* ExchangeRate.m */ = {isa = PBXFileReference; fileEncoding = 4; lastKnownFileType = sourcecode.c.objc; path = ExchangeRate.m; sourceTree = "<group>"; };
		B52CD27C1D392F3200B7E0C6 /* Currency.h */ = {isa = PBXFileReference; fileEncoding = 4; lastKnownFileType = sourcecode.c.h; path = Currency.h; sourceTree = "<group>"; };
		B52CD27D1D392F3200B7E0C6 /* Currency.m */ = {isa = PBXFileReference; fileEncoding = 4; lastKnownFileType = sourcecode.c.objc; path = Currency.m; sourceTree = "<group>"; };
/* End PBXFileReference section */

/* Begin PBXFrameworksBuildPhase section */
		B52CD24E1D392E8D00B7E0C6 /* Frameworks */ = {
			isa = PBXFrameworksBuildPhase;
			buildActionMask = 2147483647;
			files = (
			);
			runOnlyForDeploymentPostprocessing = 0;
		};
		B52CD2671D392E8D00B7E0C6 /* Frameworks */ = {
			isa = PBXFrameworksBuildPhase;
			buildActionMask = 2147483647;
			files = (
			);
			runOnlyForDeploymentPostprocessing = 0;
		};
/* End PBXFrameworksBuildPhase section */

/* Begin PBXGroup section */
		B52CD2481D392E8D00B7E0C6 = {
			isa = PBXGroup;
			children = (
				B52CD2531D392E8D00B7E0C6 /* CurrencyCalculator */,
				B52CD26D1D392E8D00B7E0C6 /* CurrencyCalculatorUITests */,
				B52CD2521D392E8D00B7E0C6 /* Products */,
			);
			sourceTree = "<group>";
		};
		B52CD2521D392E8D00B7E0C6 /* Products */ = {
			isa = PBXGroup;
			children = (
				B52CD2511D392E8D00B7E0C6 /* CurrencyCalculator.app */,
				B52CD26A1D392E8D00B7E0C6 /* CurrencyCalculatorUITests.xctest */,
			);
			name = Products;
			sourceTree = "<group>";
		};
		B52CD2531D392E8D00B7E0C6 /* CurrencyCalculator */ = {
			isa = PBXGroup;
			children = (
				B52CD2571D392E8D00B7E0C6 /* AppDelegate.h */,
				B52CD2581D392E8D00B7E0C6 /* AppDelegate.m */,
				B52CD25A1D392E8D00B7E0C6 /* ViewController.h */,
				B52CD25B1D392E8D00B7E0C6 /* ViewController.m */,
				B52CD27C1D392F3200B7E0C6 /* Currency.h */,
				B52CD27D1D392F3200B7E0C6 /* Currency.m */,
				B52CD2791D392EBF00B7E0C6 /* ExchangeRate.h */,
				B52CD27A1D392EBF00B7E0C6 /* ExchangeRate.m */,
				B52CD25D1D392E8D00B7E0C6 /* Main.storyboard */,
				B52CD2601D392E8D00B7E0C6 /* Assets.xcassets */,
				B52CD2621D392E8D00B7E0C6 /* LaunchScreen.storyboard */,
				B52CD2651D392E8D00B7E0C6 /* Info.plist */,
				B52CD2541D392E8D00B7E0C6 /* Supporting Files */,
			);
			path = CurrencyCalculator;
			sourceTree = "<group>";
		};
		B52CD2541D392E8D00B7E0C6 /* Supporting Files */ = {
			isa = PBXGroup;
			children = (
				B52CD2551D392E8D00B7E0C6 /* main.m */,
			);
			name = "Supporting Files";
			sourceTree = "<group>";
		};
		B52CD26D1D392E8D00B7E0C6 /* CurrencyCalculatorUITests */ = {
			isa = PBXGroup;
			children = (
				B52CD26E1D392E8D00B7E0C6 /* CurrencyCalculatorUITests.m */,
				B52CD2701D392E8D00B7E0C6 /* Info.plist */,
			);
			path = CurrencyCalculatorUITests;
			sourceTree = "<group>";
		};
/* End PBXGroup section */

/* Begin PBXNativeTarget section */
		B52CD2501D392E8D00B7E0C6 /* CurrencyCalculator */ = {
			isa = PBXNativeTarget;
			buildConfigurationList = B52CD2731D392E8D00B7E0C6 /* Build configuration list for PBXNativeTarget "CurrencyCalculator" */;
			buildPhases = (
				B52CD24D1D392E8D00B7E0C6 /* Sources */,
				B52CD24E1D392E8D00B7E0C6 /* Frameworks */,
				B52CD24F1D392E8D00B7E0C6 /* Resources */,
			);
			buildRules = (
			);
			dependencies = (
			);
			name = CurrencyCalculator;
			productName = CurrencyCalculator;
			productReference = B52CD2511D392E8D00B7E0C6 /* CurrencyCalculator.app */;
			productType = "com.apple.product-type.application";
		};
		B52CD2691D392E8D00B7E0C6 /* CurrencyCalculatorUITests */ = {
			isa = PBXNativeTarget;
			buildConfigurationList = B52CD2761D392E8D00B7E0C6 /* Build configuration list for PBXNativeTarget "CurrencyCalculatorUITests" */;
			buildPhases = (
				B52CD2661D392E8D00B7E0C6 /* Sources */,
				B52CD2671D392E8D00B7E0C6 /* Frameworks */,
				B52CD2681D392E8D00B7E0C6 /* Resources */,
			);
			buildRules = (
			);
			dependencies = (
				B52CD26C1D392E8D00B7E0C6 /* PBXTargetDependency */,
			);
			name = CurrencyCalculatorUITests;
			productName = CurrencyCalculatorUITests;
			productReference = B52CD26A1D392E8D00B7E0C6 /* CurrencyCalculatorUITests.xctest */;
			productType = "com.apple.product-type.bundle.ui-testing";
		};
/* End PBXNativeTarget section */

/* Begin PBXProject section */
		B52CD2491D392E8D00B7E0C6 /* Project object */ = {
			isa = PBXProject;
			attributes = {
				LastUpgradeCheck = 0730;
				ORGANIZATIONNAME = "Brendan Raimann";
				TargetAttributes = {
					B52CD2501D392E8D00B7E0C6 = {
						CreatedOnToolsVersion = 7.3.1;
					};
					B52CD2691D392E8D00B7E0C6 = {
						CreatedOnToolsVersion = 7.3.1;
						TestTargetID = B52CD2501D392E8D00B7E0C6;
					};
				};
			};
			buildConfigurationList = B52CD24C1D392E8D00B7E0C6 /* Build configuration list for PBXProject "CurrencyCalculator" */;
			compatibilityVersion = "Xcode 3.2";
			developmentRegion = English;
			hasScannedForEncodings = 0;
			knownRegions = (
				en,
				Base,
			);
			mainGroup = B52CD2481D392E8D00B7E0C6;
			productRefGroup = B52CD2521D392E8D00B7E0C6 /* Products */;
			projectDirPath = "";
			projectRoot = "";
			targets = (
				B52CD2501D392E8D00B7E0C6 /* CurrencyCalculator */,
				B52CD2691D392E8D00B7E0C6 /* CurrencyCalculatorUITests */,
			);
		};
/* End PBXProject section */

/* Begin PBXResourcesBuildPhase section */
		B52CD24F1D392E8D00B7E0C6 /* Resources */ = {
			isa = PBXResourcesBuildPhase;
			buildActionMask = 2147483647;
			files = (
				B52CD2641D392E8D00B7E0C6 /* LaunchScreen.storyboard in Resources */,
				B52CD2611D392E8D00B7E0C6 /* Assets.xcassets in Resources */,
				B52CD25F1D392E8D00B7E0C6 /* Main.storyboard in Resources */,
			);
			runOnlyForDeploymentPostprocessing = 0;
		};
		B52CD2681D392E8D00B7E0C6 /* Resources */ = {
			isa = PBXResourcesBuildPhase;
			buildActionMask = 2147483647;
			files = (
			);
			runOnlyForDeploymentPostprocessing = 0;
		};
/* End PBXResourcesBuildPhase section */

/* Begin PBXSourcesBuildPhase section */
		B52CD24D1D392E8D00B7E0C6 /* Sources */ = {
			isa = PBXSourcesBuildPhase;
			buildActionMask = 2147483647;
			files = (
				B52CD27B1D392EBF00B7E0C6 /* ExchangeRate.m in Sources */,
				B52CD25C1D392E8D00B7E0C6 /* ViewController.m in Sources */,
				B52CD2591D392E8D00B7E0C6 /* AppDelegate.m in Sources */,
				B52CD2561D392E8D00B7E0C6 /* main.m in Sources */,
				B52CD27E1D392F3200B7E0C6 /* Currency.m in Sources */,
			);
			runOnlyForDeploymentPostprocessing = 0;
		};
		B52CD2661D392E8D00B7E0C6 /* Sources */ = {
			isa = PBXSourcesBuildPhase;
			buildActionMask = 2147483647;
			files = (
				B52CD26F1D392E8D00B7E0C6 /* CurrencyCalculatorUITests.m in Sources */,
			);
			runOnlyForDeploymentPostprocessing = 0;
		};
/* End PBXSourcesBuildPhase section */

/* Begin PBXTargetDependency section */
		B52CD26C1D392E8D00B7E0C6 /* PBXTargetDependency */ = {
			isa = PBXTargetDependency;
			target = B52CD2501D392E8D00B7E0C6 /* CurrencyCalculator */;
			targetProxy = B52CD26B1D392E8D00B7E0C6 /* PBXContainerItemProxy */;
		};
/* End PBXTargetDependency section */

/* Begin PBXVariantGroup section */
		B52CD25D1D392E8D00B7E0C6 /* Main.storyboard */ = {
			isa = PBXVariantGroup;
			children = (
				B52CD25E1D392E8D00B7E0C6 /* Base */,
			);
			name = Main.storyboard;
			sourceTree = "<group>";
		};
		B52CD2621D392E8D00B7E0C6 /* LaunchScreen.storyboard */ = {
			isa = PBXVariantGroup;
			children = (
				B52CD2631D392E8D00B7E0C6 /* Base */,
			);
			name = LaunchScreen.storyboard;
			sourceTree = "<group>";
		};
/* End PBXVariantGroup section */

/* Begin XCBuildConfiguration section */
		B52CD2711D392E8D00B7E0C6 /* Debug */ = {
			isa = XCBuildConfiguration;
			buildSettings = {
				ALWAYS_SEARCH_USER_PATHS = NO;
				CLANG_ANALYZER_NONNULL = YES;
				CLANG_CXX_LANGUAGE_STANDARD = "gnu++0x";
				CLANG_CXX_LIBRARY = "libc++";
				CLANG_ENABLE_MODULES = YES;
				CLANG_ENABLE_OBJC_ARC = YES;
				CLANG_WARN_BOOL_CONVERSION = YES;
				CLANG_WARN_CONSTANT_CONVERSION = YES;
				CLANG_WARN_DIRECT_OBJC_ISA_USAGE = YES_ERROR;
				CLANG_WARN_EMPTY_BODY = YES;
				CLANG_WARN_ENUM_CONVERSION = YES;
				CLANG_WARN_INT_CONVERSION = YES;
				CLANG_WARN_OBJC_ROOT_CLASS = YES_ERROR;
				CLANG_WARN_UNREACHABLE_CODE = YES;
				CLANG_WARN__DUPLICATE_METHOD_MATCH = YES;
				"CODE_SIGN_IDENTITY[sdk=iphoneos*]" = "iPhone Developer";
				COPY_PHASE_STRIP = NO;
				DEBUG_INFORMATION_FORMAT = dwarf;
				ENABLE_STRICT_OBJC_MSGSEND = YES;
				ENABLE_TESTABILITY = YES;
				GCC_C_LANGUAGE_STANDARD = gnu99;
				GCC_DYNAMIC_NO_PIC = NO;
				GCC_NO_COMMON_BLOCKS = YES;
				GCC_OPTIMIZATION_LEVEL = 0;
				GCC_PREPROCESSOR_DEFINITIONS = (
					"DEBUG=1",
					"$(inherited)",
				);
				GCC_WARN_64_TO_32_BIT_CONVERSION = YES;
				GCC_WARN_ABOUT_RETURN_TYPE = YES_ERROR;
				GCC_WARN_UNDECLARED_SELECTOR = YES;
				GCC_WARN_UNINITIALIZED_AUTOS = YES_AGGRESSIVE;
				GCC_WARN_UNUSED_FUNCTION = YES;
				GCC_WARN_UNUSED_VARIABLE = YES;
				IPHONEOS_DEPLOYMENT_TARGET = 9.3;
				MTL_ENABLE_DEBUG_INFO = YES;
				ONLY_ACTIVE_ARCH = YES;
				SDKROOT = iphoneos;
				TARGETED_DEVICE_FAMILY = "1,2";
			};
			name = Debug;
		};
		B52CD2721D392E8D00B7E0C6 /* Release */ = {
			isa = XCBuildConfiguration;
			buildSettings = {
				ALWAYS_SEARCH_USER_PATHS = NO;
				CLANG_ANALYZER_NONNULL = YES;
				CLANG_CXX_LANGUAGE_STANDARD = "gnu++0x";
				CLANG_CXX_LIBRARY = "libc++";
				CLANG_ENABLE_MODULES = YES;
				CLANG_ENABLE_OBJC_ARC = YES;
				CLANG_WARN_BOOL_CONVERSION = YES;
				CLANG_WARN_CONSTANT_CONVERSION = YES;
				CLANG_WARN_DIRECT_OBJC_ISA_USAGE = YES_ERROR;
				CLANG_WARN_EMPTY_BODY = YES;
				CLANG_WARN_ENUM_CONVERSION = YES;
				CLANG_WARN_INT_CONVERSION = YES;
				CLANG_WARN_OBJC_ROOT_CLASS = YES_ERROR;
				CLANG_WARN_UNREACHABLE_CODE = YES;
				CLANG_WARN__DUPLICATE_METHOD_MATCH = YES;
				"CODE_SIGN_IDENTITY[sdk=iphoneos*]" = "iPhone Developer";
				COPY_PHASE_STRIP = NO;
				DEBUG_INFORMATION_FORMAT = "dwarf-with-dsym";
				ENABLE_NS_ASSERTIONS = NO;
				ENABLE_STRICT_OBJC_MSGSEND = YES;
				GCC_C_LANGUAGE_STANDARD = gnu99;
				GCC_NO_COMMON_BLOCKS = YES;
				GCC_WARN_64_TO_32_BIT_CONVERSION = YES;
				GCC_WARN_ABOUT_RETURN_TYPE = YES_ERROR;
				GCC_WARN_UNDECLARED_SELECTOR = YES;
				GCC_WARN_UNINITIALIZED_AUTOS = YES_AGGRESSIVE;
				GCC_WARN_UNUSED_FUNCTION = YES;
				GCC_WARN_UNUSED_VARIABLE = YES;
				IPHONEOS_DEPLOYMENT_TARGET = 9.3;
				MTL_ENABLE_DEBUG_INFO = NO;
				SDKROOT = iphoneos;
				TARGETED_DEVICE_FAMILY = "1,2";
				VALIDATE_PRODUCT = YES;
			};
			name = Release;
		};
		B52CD2741D392E8D00B7E0C6 /* Debug */ = {
			isa = XCBuildConfiguration;
			buildSettings = {
				ASSETCATALOG_COMPILER_APPICON_NAME = AppIcon;
				INFOPLIST_FILE = CurrencyCalculator/Info.plist;
				LD_RUNPATH_SEARCH_PATHS = "$(inherited) @executable_path/Frameworks";
				PRODUCT_BUNDLE_IDENTIFIER = com.raimann.brendan.CurrencyCalculator;
				PRODUCT_NAME = "$(TARGET_NAME)";
			};
			name = Debug;
		};
		B52CD2751D392E8D00B7E0C6 /* Release */ = {
			isa = XCBuildConfiguration;
			buildSettings = {
				ASSETCATALOG_COMPILER_APPICON_NAME = AppIcon;
				INFOPLIST_FILE = CurrencyCalculator/Info.plist;
				LD_RUNPATH_SEARCH_PATHS = "$(inherited) @executable_path/Frameworks";
				PRODUCT_BUNDLE_IDENTIFIER = com.raimann.brendan.CurrencyCalculator;
				PRODUCT_NAME = "$(TARGET_NAME)";
			};
			name = Release;
		};
		B52CD2771D392E8D00B7E0C6 /* Debug */ = {
			isa = XCBuildConfiguration;
			buildSettings = {
				INFOPLIST_FILE = CurrencyCalculatorUITests/Info.plist;
				LD_RUNPATH_SEARCH_PATHS = "$(inherited) @executable_path/Frameworks @loader_path/Frameworks";
				PRODUCT_BUNDLE_IDENTIFIER = com.raimann.brendan.CurrencyCalculatorUITests;
				PRODUCT_NAME = "$(TARGET_NAME)";
				TEST_TARGET_NAME = CurrencyCalculator;
			};
			name = Debug;
		};
		B52CD2781D392E8D00B7E0C6 /* Release */ = {
			isa = XCBuildConfiguration;
			buildSettings = {
				INFOPLIST_FILE = CurrencyCalculatorUITests/Info.plist;
				LD_RUNPATH_SEARCH_PATHS = "$(inherited) @executable_path/Frameworks @loader_path/Frameworks";
				PRODUCT_BUNDLE_IDENTIFIER = com.raimann.brendan.CurrencyCalculatorUITests;
				PRODUCT_NAME = "$(TARGET_NAME)";
				TEST_TARGET_NAME = CurrencyCalculator;
			};
			name = Release;
		};
/* End XCBuildConfiguration section */

/* Begin XCConfigurationList section */
		B52CD24C1D392E8D00B7E0C6 /* Build configuration list for PBXProject "CurrencyCalculator" */ = {
			isa = XCConfigurationList;
			buildConfigurations = (
				B52CD2711D392E8D00B7E0C6 /* Debug */,
				B52CD2721D392E8D00B7E0C6 /* Release */,
			);
			defaultConfigurationIsVisible = 0;
			defaultConfigurationName = Release;
		};
		B52CD2731D392E8D00B7E0C6 /* Build configuration list for PBXNativeTarget "CurrencyCalculator" */ = {
			isa = XCConfigurationList;
			buildConfigurations = (
				B52CD2741D392E8D00B7E0C6 /* Debug */,
				B52CD2751D392E8D00B7E0C6 /* Release */,
			);
			defaultConfigurationIsVisible = 0;
			defaultConfigurationName = Release;
		};
		B52CD2761D392E8D00B7E0C6 /* Build configuration list for PBXNativeTarget "CurrencyCalculatorUITests" */ = {
			isa = XCConfigurationList;
			buildConfigurations = (
				B52CD2771D392E8D00B7E0C6 /* Debug */,
				B52CD2781D392E8D00B7E0C6 /* Release */,
			);
			defaultConfigurationIsVisible = 0;
			defaultConfigurationName = Release;
		};
/* End XCConfigurationList section */
	};
	rootObject = B52CD2491D392E8D00B7E0C6 /* Project object */;
}
